{
  "name": "turbo-repo-test",
  "lockfileVersion": 3,
  "requires": true,
  "packages": {
    "": {
      "name": "turbo-repo-test",
      "devDependencies": {
        "@types/node": "^22.14.0",
        "prettier": "^3.5.3",
        "turbo": "^2.5.0",
        "typescript": "5.8.2"
      },
      "engines": {
        "node": ">=18"
      }
    },
    "node_modules/.pnpm/@eslint-community+eslint-utils@4.5.1_eslint@9.23.0/node_modules/@eslint-community/eslint-utils": {
      "version": "4.5.1",
      "extraneous": true,
      "license": "MIT",
      "dependencies": {
        "eslint-visitor-keys": "^3.4.3"
      },
      "devDependencies": {
        "@eslint-community/eslint-plugin-mysticatea": "^15.6.1",
        "c8": "^8.0.1",
        "dot-prop": "^7.2.0",
        "eslint": "^8.57.1",
        "installed-check": "^8.0.1",
        "knip": "^5.33.3",
        "mocha": "^9.2.2",
        "npm-run-all2": "^6.2.3",
        "opener": "^1.5.2",
        "prettier": "2.8.8",
        "rimraf": "^3.0.2",
        "rollup": "^2.79.2",
        "rollup-plugin-sourcemaps": "^0.6.3",
        "semver": "^7.6.3",
        "vitepress": "^1.4.1",
        "warun": "^1.0.0"
      },
      "engines": {
        "node": "^12.22.0 || ^14.17.0 || >=16.0.0"
      },
      "funding": {
        "url": "https://opencollective.com/eslint"
      },
      "peerDependencies": {
        "eslint": "^6.0.0 || ^7.0.0 || >=8.0.0"
      }
    },
    "node_modules/.pnpm/@eslint-community+regexpp@4.12.1/node_modules/@eslint-community/regexpp": {
      "version": "4.12.1",
      "extraneous": true,
      "license": "MIT",
      "devDependencies": {
        "@eslint-community/eslint-plugin-mysticatea": "^15.5.1",
        "@rollup/plugin-node-resolve": "^14.1.0",
        "@types/eslint": "^8.44.3",
        "@types/jsdom": "^16.2.15",
        "@types/mocha": "^9.1.1",
        "@types/node": "^12.20.55",
        "dts-bundle": "^0.7.3",
        "eslint": "^8.50.0",
        "js-tokens": "^8.0.2",
        "jsdom": "^19.0.0",
        "mocha": "^9.2.2",
        "npm-run-all2": "^6.2.2",
        "nyc": "^14.1.1",
        "rimraf": "^3.0.2",
        "rollup": "^2.79.1",
        "rollup-plugin-sourcemaps": "^0.6.3",
        "ts-node": "^10.9.1",
        "typescript": "~5.0.2"
      },
      "engines": {
        "node": "^12.0.0 || ^14.0.0 || >=16.0.0"
      }
    },
    "node_modules/.pnpm/@eslint+config-helpers@0.2.0/node_modules/@eslint/config-helpers": {
      "version": "0.2.0",
      "extraneous": true,
      "license": "Apache-2.0",
      "devDependencies": {
        "@eslint/core": "^0.11.0",
        "c8": "^9.1.0",
        "eslint": "^9.19.0",
        "mocha": "^10.4.0",
        "rollup": "^4.16.2",
        "rollup-plugin-copy": "^3.5.0",
        "typescript": "^5.4.5"
      },
      "engines": {
        "node": "^18.18.0 || ^20.9.0 || >=21.1.0"
      }
    },
    "node_modules/.pnpm/@eslint+eslintrc@3.3.1/node_modules/@eslint/eslintrc": {
      "version": "3.3.1",
      "extraneous": true,
      "license": "MIT",
      "dependencies": {
        "ajv": "^6.12.4",
        "debug": "^4.3.2",
        "espree": "^10.0.1",
        "globals": "^14.0.0",
        "ignore": "^5.2.0",
        "import-fresh": "^3.2.1",
        "js-yaml": "^4.1.0",
        "minimatch": "^3.1.2",
        "strip-json-comments": "^3.1.1"
      },
      "devDependencies": {
        "c8": "^7.7.3",
        "chai": "^4.3.4",
        "eslint": "^9.20.1",
        "eslint-config-eslint": "^11.0.0",
        "eslint-release": "^3.2.0",
        "fs-teardown": "^0.1.3",
        "mocha": "^9.0.3",
        "rollup": "^2.70.1",
        "shelljs": "^0.8.5",
        "sinon": "^11.1.2",
        "temp-dir": "^2.0.0",
        "typescript": "^5.7.3"
      },
      "engines": {
        "node": "^18.18.0 || ^20.9.0 || >=21.1.0"
      },
      "funding": {
        "url": "https://opencollective.com/eslint"
      }
    },
    "node_modules/.pnpm/@eslint+js@9.23.0/node_modules/@eslint/js": {
      "version": "9.23.0",
      "extraneous": true,
      "license": "MIT",
      "engines": {
        "node": "^18.18.0 || ^20.9.0 || >=21.1.0"
      }
    },
    "node_modules/.pnpm/@eslint+object-schema@2.1.6/node_modules/@eslint/object-schema": {
      "version": "2.1.6",
      "extraneous": true,
      "license": "Apache-2.0",
      "devDependencies": {
        "c8": "^9.1.0",
        "mocha": "^10.4.0",
        "rollup": "^4.16.2",
        "rollup-plugin-copy": "^3.5.0",
        "typescript": "^5.4.5"
      },
      "engines": {
        "node": "^18.18.0 || ^20.9.0 || >=21.1.0"
      }
    },
    "node_modules/.pnpm/@eslint+plugin-kit@0.2.7/node_modules/@eslint/plugin-kit": {
      "version": "0.2.7",
      "extraneous": true,
      "license": "Apache-2.0",
      "dependencies": {
        "@eslint/core": "^0.12.0",
        "levn": "^0.4.1"
      },
      "devDependencies": {
        "@types/levn": "^0.4.0",
        "c8": "^9.1.0",
        "mocha": "^10.4.0",
        "rollup": "^4.16.2",
        "rollup-plugin-copy": "^3.5.0",
        "typescript": "^5.4.5"
      },
      "engines": {
        "node": "^18.18.0 || ^20.9.0 || >=21.1.0"
      }
    },
    "node_modules/.pnpm/@next+eslint-plugin-next@15.2.1/node_modules/@next/eslint-plugin-next": {
      "version": "15.2.1",
      "extraneous": true,
      "license": "MIT",
      "dependencies": {
        "fast-glob": "3.3.1"
      },
      "devDependencies": {
        "eslint": "8.56.0"
      }
    },
    "node_modules/.pnpm/@typescript-eslint+scope-manager@8.29.0/node_modules/@typescript-eslint/scope-manager": {
      "version": "8.29.0",
      "extraneous": true,
      "license": "MIT",
      "dependencies": {
        "@typescript-eslint/types": "8.29.0",
        "@typescript-eslint/visitor-keys": "8.29.0"
      },
      "devDependencies": {
        "@jest/types": "29.6.3",
        "@typescript-eslint/typescript-estree": "8.29.0",
        "glob": "*",
        "jest": "29.7.0",
        "jest-specific-snapshot": "*",
        "make-dir": "*",
        "prettier": "^3.2.5",
        "pretty-format": "*",
        "typescript": "*"
      },
      "engines": {
        "node": "^18.18.0 || ^20.9.0 || >=21.1.0"
      },
      "funding": {
        "type": "opencollective",
        "url": "https://opencollective.com/typescript-eslint"
      }
    },
    "node_modules/.pnpm/@typescript-eslint+types@8.29.0/node_modules/@typescript-eslint/types": {
      "version": "8.29.0",
      "extraneous": true,
      "license": "MIT",
      "devDependencies": {
        "downlevel-dts": "*",
        "prettier": "^3.2.5",
        "rimraf": "*",
        "tsx": "*",
        "typescript": "*"
      },
      "engines": {
        "node": "^18.18.0 || ^20.9.0 || >=21.1.0"
      },
      "funding": {
        "type": "opencollective",
        "url": "https://opencollective.com/typescript-eslint"
      }
    },
    "node_modules/.pnpm/@typescript-eslint+visitor-keys@8.29.0/node_modules/@typescript-eslint/visitor-keys": {
      "version": "8.29.0",
      "extraneous": true,
      "license": "MIT",
      "dependencies": {
        "@typescript-eslint/types": "8.29.0",
        "eslint-visitor-keys": "^4.2.0"
      },
      "devDependencies": {
        "@jest/types": "29.6.3",
        "downlevel-dts": "*",
        "jest": "29.7.0",
        "prettier": "^3.2.5",
        "rimraf": "*",
        "typescript": "*"
      },
      "engines": {
        "node": "^18.18.0 || ^20.9.0 || >=21.1.0"
      },
      "funding": {
        "type": "opencollective",
        "url": "https://opencollective.com/typescript-eslint"
      }
    },
    "node_modules/.pnpm/eslint-plugin-only-warn@1.1.0/node_modules/eslint-plugin-only-warn": {
      "version": "1.1.0",
      "extraneous": true,
      "license": "MIT",
      "devDependencies": {
        "eslint": "^7.31.0",
        "eslint-plugin-prettier": "^3.1.2",
        "jest": "^27.0.6",
        "prettier": "^2.3.2"
      },
      "engines": {
        "node": ">=6"
      }
    },
    "node_modules/.pnpm/eslint-plugin-react-hooks@5.2.0_eslint@9.23.0/node_modules/eslint-plugin-react-hooks": {
      "version": "5.2.0",
      "extraneous": true,
      "license": "MIT",
      "devDependencies": {
        "@babel/eslint-parser": "^7.11.4",
        "@babel/preset-typescript": "^7.26.0",
        "@tsconfig/strictest": "^2.0.5",
        "@types/eslint": "^8.56.12",
        "@types/estree": "^1.0.6",
        "@types/estree-jsx": "^1.0.5",
        "@types/node": "^20.2.5",
        "@typescript-eslint/parser-v2": "npm:@typescript-eslint/parser@^2.26.0",
        "@typescript-eslint/parser-v3": "npm:@typescript-eslint/parser@^3.10.0",
        "@typescript-eslint/parser-v4": "npm:@typescript-eslint/parser@^4.1.0",
        "@typescript-eslint/parser-v5": "npm:@typescript-eslint/parser@^5.62.0",
        "babel-eslint": "^10.0.3",
        "eslint-v7": "npm:eslint@^7.7.0",
        "eslint-v9": "npm:eslint@^9.0.0",
        "jest": "^29.5.0",
        "typescript": "^5.4.3"
      },
      "engines": {
        "node": ">=10"
      },
      "peerDependencies": {
        "eslint": "^3.0.0 || ^4.0.0 || ^5.0.0 || ^6.0.0 || ^7.0.0 || ^8.0.0-0 || ^9.0.0"
      }
    },
    "node_modules/.pnpm/eslint-plugin-react@7.37.4_eslint@9.23.0/node_modules/eslint-plugin-react": {
      "version": "7.37.4",
      "extraneous": true,
      "license": "MIT",
      "dependencies": {
        "array-includes": "^3.1.8",
        "array.prototype.findlast": "^1.2.5",
        "array.prototype.flatmap": "^1.3.3",
        "array.prototype.tosorted": "^1.1.4",
        "doctrine": "^2.1.0",
        "es-iterator-helpers": "^1.2.1",
        "estraverse": "^5.3.0",
        "hasown": "^2.0.2",
        "jsx-ast-utils": "^2.4.1 || ^3.0.0",
        "minimatch": "^3.1.2",
        "object.entries": "^1.1.8",
        "object.fromentries": "^2.0.8",
        "object.values": "^1.2.1",
        "prop-types": "^15.8.1",
        "resolve": "^2.0.0-next.5",
        "semver": "^6.3.1",
        "string.prototype.matchall": "^4.0.12",
        "string.prototype.repeat": "^1.0.0"
      },
      "devDependencies": {
        "@babel/core": "^7.26.0",
        "@babel/eslint-parser": "^7.26.5",
        "@babel/plugin-syntax-decorators": "^7.25.9",
        "@babel/plugin-syntax-do-expressions": "^7.25.9",
        "@babel/plugin-syntax-function-bind": "^7.25.9",
        "@babel/preset-react": "^7.26.3",
        "@types/eslint": "=7.2.10",
        "@types/estree": "0.0.52",
        "@types/node": "^4.9.5",
        "@typescript-eslint/parser": "^2.34.0 || ^3.10.1 || ^4 || ^5 || ^6.20 || ^7.14.1 || 8.4 - 8.17",
        "babel-eslint": "^8 || ^9 || ^10.1.0",
        "eslint": "^3 || ^4 || ^5 || ^6 || ^7 || ^8 || ^9.7",
        "eslint-config-airbnb-base": "^15.0.0",
        "eslint-doc-generator": "^1.7.1",
        "eslint-plugin-eslint-plugin": "^2.3.0 || ^3.5.3 || ^4.0.1 || ^5.0.5",
        "eslint-plugin-import": "^2.31.0",
        "eslint-remote-tester": "^3.0.1",
        "eslint-remote-tester-repositories": "^1.0.1",
        "eslint-scope": "^3.7.3",
        "espree": "^3.5.4",
        "gfm-footnotes": "^1.0.1",
        "glob": "=10.3.7",
        "istanbul": "^0.4.5",
        "jackspeak": "=2.1.1",
        "ls-engines": "^0.8.1",
        "markdownlint-cli": "^0.8.0 || ^0.32.2",
        "mocha": "^5.2.0",
        "npmignore": "^0.3.1",
        "sinon": "^7.5.0",
        "typescript": "^3.9.9",
        "typescript-eslint-parser": "^20.1.1"
      },
      "engines": {
        "node": ">=4"
      },
      "peerDependencies": {
        "eslint": "^3 || ^4 || ^5 || ^6 || ^7 || ^8 || ^9.7"
      }
    },
    "node_modules/.pnpm/eslint-plugin-turbo@2.4.4_eslint@9.23.0_turbo@2.5.0/node_modules/eslint-plugin-turbo": {
      "version": "2.4.4",
      "extraneous": true,
      "license": "MIT",
      "dependencies": {
        "dotenv": "16.0.3"
      },
      "devDependencies": {
        "@jest/globals": "^29.7.0",
        "@turbo/eslint-config": "0.0.0",
        "@turbo/test-utils": "0.0.0",
        "@turbo/tsconfig": "0.0.0",
        "@turbo/types": "2.4.4",
        "@turbo/utils": "0.0.0",
        "@types/eslint": "^8.56.10",
        "@types/estree": "^1.0.1",
        "@types/node": "^18.17.2",
        "jest": "^29.7.0",
        "json5": "^2.2.1",
        "ts-jest": "^29.2.5",
        "tsup": "^6.2.0",
        "typescript": "5.5.4"
      },
      "peerDependencies": {
        "eslint": ">6.6.0",
        "turbo": ">2.0.0"
      }
    },
    "node_modules/.pnpm/eslint-visitor-keys@4.2.0/node_modules/eslint-visitor-keys": {
      "version": "4.2.0",
      "extraneous": true,
      "license": "Apache-2.0",
      "devDependencies": {
        "@types/estree": "^0.0.51",
        "@types/estree-jsx": "^0.0.1",
        "@typescript-eslint/parser": "^8.7.0",
        "c8": "^7.11.0",
        "chai": "^4.3.6",
        "eslint-release": "^3.2.0",
        "esquery": "^1.4.0",
        "json-diff": "^0.7.3",
        "mocha": "^9.2.1",
        "opener": "^1.5.2",
        "rollup": "^4.22.4",
        "rollup-plugin-dts": "^6.1.1",
        "tsd": "^0.31.2",
        "typescript": "^5.6.2"
      },
      "engines": {
        "node": "^18.18.0 || ^20.9.0 || >=21.1.0"
      },
      "funding": {
        "url": "https://opencollective.com/eslint"
      }
    },
    "node_modules/.pnpm/prettier@3.5.3/node_modules/prettier": {
      "version": "3.5.3",
      "extraneous": true,
      "license": "MIT",
      "bin": {
        "prettier": "bin/prettier.cjs"
      },
      "engines": {
        "node": ">=14"
      },
      "funding": {
        "url": "https://github.com/prettier/prettier?sponsor=1"
      }
    },
    "node_modules/.pnpm/turbo@2.5.0/node_modules/turbo": {
      "version": "2.5.0",
      "dev": true,
      "license": "MIT",
      "bin": {
        "turbo": "bin/turbo"
      },
      "optionalDependencies": {
        "turbo-darwin-64": "2.5.0",
        "turbo-darwin-arm64": "2.5.0",
        "turbo-linux-64": "2.5.0",
        "turbo-linux-arm64": "2.5.0",
        "turbo-windows-64": "2.5.0",
        "turbo-windows-arm64": "2.5.0"
      }
    },
    "node_modules/@types/node": {
      "version": "22.14.0",
      "resolved": "https://registry.npmjs.org/@types/node/-/node-22.14.0.tgz",
      "integrity": "sha512-Kmpl+z84ILoG+3T/zQFyAJsU6EPTmOCj8/2+83fSN6djd6I4o7uOuGIH6vq3PrjY5BGitSbFuMN18j3iknubbA==",
      "dev": true,
      "license": "MIT",
      "dependencies": {
        "undici-types": "~6.21.0"
      }
    },
    "node_modules/@types/node/node_modules/undici-types": {
      "version": "6.21.0",
      "resolved": "https://registry.npmjs.org/undici-types/-/undici-types-6.21.0.tgz",
      "integrity": "sha512-iwDZqg0QAGrg9Rav5H4n0M64c3mkR59cJ6wQp+7C4nI0gsmExaedaYLNO44eT4AtBBwjbTiGPMlt2Md0T9H9JQ==",
      "dev": true,
      "license": "MIT"
    },
    "node_modules/prettier": {
      "version": "3.5.3",
      "resolved": "https://registry.npmjs.org/prettier/-/prettier-3.5.3.tgz",
      "integrity": "sha512-QQtaxnoDJeAkDvDKWCLiwIXkTgRhwYDEQCghU9Z6q03iyek/rxRh/2lC3HB7P8sWT2xC/y5JDctPLBIGzHKbhw==",
      "dev": true,
      "license": "MIT",
      "bin": {
        "prettier": "bin/prettier.cjs"
      },
      "engines": {
        "node": ">=14"
      },
      "funding": {
        "url": "https://github.com/prettier/prettier?sponsor=1"
      }
    },
    "node_modules/turbo": {
      "resolved": "node_modules/.pnpm/turbo@2.5.0/node_modules/turbo",
      "link": true
    },
    "node_modules/turbo-darwin-64": {
      "version": "2.5.0",
      "resolved": "https://registry.npmjs.org/turbo-darwin-64/-/turbo-darwin-64-2.5.0.tgz",
      "integrity": "sha512-fP1hhI9zY8hv0idym3hAaXdPi80TLovmGmgZFocVAykFtOxF+GlfIgM/l4iLAV9ObIO4SUXPVWHeBZQQ+Hpjag==",
      "cpu": [
        "x64"
      ],
      "dev": true,
      "license": "MIT",
      "optional": true,
      "os": [
        "darwin"
      ]
    },
    "node_modules/turbo-darwin-arm64": {
      "version": "2.5.0",
      "resolved": "https://registry.npmjs.org/turbo-darwin-arm64/-/turbo-darwin-arm64-2.5.0.tgz",
      "integrity": "sha512-p9sYq7kXH7qeJwIQE86cOWv/xNqvow846l6c/qWc26Ib1ci5W7V0sI5thsrP3eH+VA0d+SHalTKg5SQXgNQBWA==",
      "cpu": [
        "arm64"
      ],
      "dev": true,
      "license": "MIT",
      "optional": true,
      "os": [
        "darwin"
      ]
    },
    "node_modules/turbo-linux-64": {
      "version": "2.5.0",
      "resolved": "https://registry.npmjs.org/turbo-linux-64/-/turbo-linux-64-2.5.0.tgz",
      "integrity": "sha512-1iEln2GWiF3iPPPS1HQJT6ZCFXynJPd89gs9SkggH2EJsj3eRUSVMmMC8y6d7bBbhBFsiGGazwFIYrI12zs6uQ==",
      "cpu": [
        "x64"
      ],
      "dev": true,
      "license": "MIT",
      "optional": true,
      "os": [
        "linux"
      ]
    },
    "node_modules/turbo-linux-arm64": {
      "version": "2.5.0",
      "resolved": "https://registry.npmjs.org/turbo-linux-arm64/-/turbo-linux-arm64-2.5.0.tgz",
      "integrity": "sha512-bKBcbvuQHmsX116KcxHJuAcppiiBOfivOObh2O5aXNER6mce7YDDQJy00xQQNp1DhEfcSV2uOsvb3O3nN2cbcA==",
      "cpu": [
        "arm64"
      ],
      "dev": true,
      "license": "MIT",
      "optional": true,
      "os": [
        "linux"
      ]
    },
    "node_modules/turbo-windows-64": {
      "version": "2.5.0",
      "resolved": "https://registry.npmjs.org/turbo-windows-64/-/turbo-windows-64-2.5.0.tgz",
      "integrity": "sha512-9BCo8oQ7BO7J0K913Czbc3tw8QwLqn2nTe4E47k6aVYkM12ASTScweXPTuaPFP5iYXAT6z5Dsniw704Ixa5eGg==",
      "cpu": [
        "x64"
      ],
      "dev": true,
      "license": "MIT",
      "optional": true,
      "os": [
        "win32"
      ]
    },
    "node_modules/turbo-windows-arm64": {
      "version": "2.5.0",
      "resolved": "https://registry.npmjs.org/turbo-windows-arm64/-/turbo-windows-arm64-2.5.0.tgz",
      "integrity": "sha512-OUHCV+ueXa3UzfZ4co/ueIHgeq9B2K48pZwIxKSm5VaLVuv8M13MhM7unukW09g++dpdrrE1w4IOVgxKZ0/exg==",
      "cpu": [
        "arm64"
      ],
      "dev": true,
      "license": "MIT",
      "optional": true,
      "os": [
        "win32"
      ]
    },
    "node_modules/typescript": {
      "version": "5.8.2",
      "resolved": "https://registry.npmjs.org/typescript/-/typescript-5.8.2.tgz",
      "integrity": "sha512-aJn6wq13/afZp/jT9QZmwEjDqqvSGp1VT5GVg+f/t6/oVyrgXM6BY1h9BRh/O5p3PlUPAe+WuiEZOmb/49RqoQ==",
      "dev": true,
      "license": "Apache-2.0",
      "bin": {
        "tsc": "bin/tsc",
        "tsserver": "bin/tsserver"
      },
      "engines": {
        "node": ">=14.17"
      }
    }
  }
}
